
Microsoft Visual Studio Solution File, Format Version 12.00
# Visual Studio 2013
VisualStudioVersion = 12.0.31101.0
MinimumVisualStudioVersion = 10.0.40219.1
Project("{FAE04EC0-301F-11D3-BF4B-00C04F79EFBC}") = "JsPlc.Ssc.Link.Portal", "JsPlc.Ssc.Link.Portal\JsPlc.Ssc.Link.Portal.csproj", "{A5A6F815-7A8D-463F-9F01-E2610E533A4B}"
EndProject
Project("{2150E333-8FDC-42A3-9474-1A3956D46DE8}") = "Portal", "Portal", "{BE94DAAE-F62A-471A-A2E9-4548E716D8DD}"
EndProject
Global
	GlobalSection(SolutionConfigurationPlatforms) = preSolution
		Debug|Any CPU = Debug|Any CPU
		Release|Any CPU = Release|Any CPU
	EndGlobalSection
	GlobalSection(ProjectConfigurationPlatforms) = postSolution
		{A5A6F815-7A8D-463F-9F01-E2610E533A4B}.Debug|Any CPU.ActiveCfg = Debug|Any CPU
		{A5A6F815-7A8D-463F-9F01-E2610E533A4B}.Debug|Any CPU.Build.0 = Debug|Any CPU
		{A5A6F815-7A8D-463F-9F01-E2610E533A4B}.Release|Any CPU.ActiveCfg = Release|Any CPU
		{A5A6F815-7A8D-463F-9F01-E2610E533A4B}.Release|Any CPU.Build.0 = Release|Any CPU
	EndGlobalSection
	GlobalSection(SolutionProperties) = preSolution
		HideSolutionNode = FALSE
	EndGlobalSection
	GlobalSection(NestedProjects) = preSolution
		{A5A6F815-7A8D-463F-9F01-E2610E533A4B} = {BE94DAAE-F62A-471A-A2E9-4548E716D8DD}
	EndGlobalSection
EndGlobal
