
Microsoft Visual Studio Solution File, Format Version 12.00
# Visual Studio 2013
VisualStudioVersion = 12.0.31101.0
MinimumVisualStudioVersion = 10.0.40219.1
Project("{FAE04EC0-301F-11D3-BF4B-00C04F79EFBC}") = "JsPlc.Ssc.Link.Portal", "JsPlc.Ssc.Link.Portal\JsPlc.Ssc.Link.Portal.csproj", "{A5A6F815-7A8D-463F-9F01-E2610E533A4B}"
EndProject
Project("{2150E333-8FDC-42A3-9474-1A3956D46DE8}") = "Portal", "Portal", "{BE94DAAE-F62A-471A-A2E9-4548E716D8DD}"
EndProject
Project("{2150E333-8FDC-42A3-9474-1A3956D46DE8}") = "Repository", "Repository", "{9FEB778D-8E8F-4B83-9D00-6E9D2CF25AEF}"
EndProject
Project("{FAE04EC0-301F-11D3-BF4B-00C04F79EFBC}") = "JsPlc.Ssc.Link.Repository", "JsPlc.Ssc.Link.Repository\JsPlc.Ssc.Link.Repository.csproj", "{B995B495-D846-4EB5-80FB-B55B71028B94}"
EndProject
Project("{2150E333-8FDC-42A3-9474-1A3956D46DE8}") = "Testing", "Testing", "{9E6B033C-A027-43BA-977C-835B58C31149}"
EndProject
Project("{FAE04EC0-301F-11D3-BF4B-00C04F79EFBC}") = "JsPlc.Ssc.Link.Testing", "JsPlc.Ssc.Link.Testing\JsPlc.Ssc.Link.Testing.csproj", "{D9C2314D-8841-4E19-B4E1-EC115982A112}"
EndProject
Global
	GlobalSection(SolutionConfigurationPlatforms) = preSolution
		Debug|Any CPU = Debug|Any CPU
		Release|Any CPU = Release|Any CPU
	EndGlobalSection
	GlobalSection(ProjectConfigurationPlatforms) = postSolution
		{A5A6F815-7A8D-463F-9F01-E2610E533A4B}.Debug|Any CPU.ActiveCfg = Debug|Any CPU
		{A5A6F815-7A8D-463F-9F01-E2610E533A4B}.Debug|Any CPU.Build.0 = Debug|Any CPU
		{A5A6F815-7A8D-463F-9F01-E2610E533A4B}.Release|Any CPU.ActiveCfg = Release|Any CPU
		{A5A6F815-7A8D-463F-9F01-E2610E533A4B}.Release|Any CPU.Build.0 = Release|Any CPU
		{B995B495-D846-4EB5-80FB-B55B71028B94}.Debug|Any CPU.ActiveCfg = Debug|Any CPU
		{B995B495-D846-4EB5-80FB-B55B71028B94}.Debug|Any CPU.Build.0 = Debug|Any CPU
		{B995B495-D846-4EB5-80FB-B55B71028B94}.Release|Any CPU.ActiveCfg = Release|Any CPU
		{B995B495-D846-4EB5-80FB-B55B71028B94}.Release|Any CPU.Build.0 = Release|Any CPU
		{D9C2314D-8841-4E19-B4E1-EC115982A112}.Debug|Any CPU.ActiveCfg = Debug|Any CPU
		{D9C2314D-8841-4E19-B4E1-EC115982A112}.Debug|Any CPU.Build.0 = Debug|Any CPU
		{D9C2314D-8841-4E19-B4E1-EC115982A112}.Release|Any CPU.ActiveCfg = Release|Any CPU
		{D9C2314D-8841-4E19-B4E1-EC115982A112}.Release|Any CPU.Build.0 = Release|Any CPU
	EndGlobalSection
	GlobalSection(SolutionProperties) = preSolution
		HideSolutionNode = FALSE
	EndGlobalSection
	GlobalSection(NestedProjects) = preSolution
		{A5A6F815-7A8D-463F-9F01-E2610E533A4B} = {BE94DAAE-F62A-471A-A2E9-4548E716D8DD}
		{B995B495-D846-4EB5-80FB-B55B71028B94} = {9FEB778D-8E8F-4B83-9D00-6E9D2CF25AEF}
		{D9C2314D-8841-4E19-B4E1-EC115982A112} = {9E6B033C-A027-43BA-977C-835B58C31149}
	EndGlobalSection
EndGlobal
