
Microsoft Visual Studio Solution File, Format Version 12.00
# Visual Studio 2013
VisualStudioVersion = 12.0.40629.0
MinimumVisualStudioVersion = 10.0.40219.1
Project("{FAE04EC0-301F-11D3-BF4B-00C04F79EFBC}") = "JsPlc.Ssc.Link.Portal", "JsPlc.Ssc.Link.Portal\JsPlc.Ssc.Link.Portal.csproj", "{A5A6F815-7A8D-463F-9F01-E2610E533A4B}"
	ProjectSection(ProjectDependencies) = postProject
		{B3FC18AA-C34C-4F58-B8AB-36907A6C1C73} = {B3FC18AA-C34C-4F58-B8AB-36907A6C1C73}
	EndProjectSection
EndProject
Project("{2150E333-8FDC-42A3-9474-1A3956D46DE8}") = "Portal", "Portal", "{BE94DAAE-F62A-471A-A2E9-4548E716D8DD}"
EndProject
Project("{2150E333-8FDC-42A3-9474-1A3956D46DE8}") = "Repository", "Repository", "{9FEB778D-8E8F-4B83-9D00-6E9D2CF25AEF}"
EndProject
Project("{FAE04EC0-301F-11D3-BF4B-00C04F79EFBC}") = "JsPlc.Ssc.Link.Repository", "JsPlc.Ssc.Link.Repository\JsPlc.Ssc.Link.Repository.csproj", "{B995B495-D846-4EB5-80FB-B55B71028B94}"
	ProjectSection(ProjectDependencies) = postProject
		{5E71294B-3F45-48F1-A37F-737FB5F22F38} = {5E71294B-3F45-48F1-A37F-737FB5F22F38}
	EndProjectSection
EndProject
Project("{2150E333-8FDC-42A3-9474-1A3956D46DE8}") = "Service", "Service", "{AF9C31F9-6DCE-4FE3-B3EF-9DA495FAF663}"
EndProject
Project("{FAE04EC0-301F-11D3-BF4B-00C04F79EFBC}") = "JsPlc.Ssc.Link.Service", "JsPlc.Ssc.Link.Service\JsPlc.Ssc.Link.Service.csproj", "{B3FC18AA-C34C-4F58-B8AB-36907A6C1C73}"
	ProjectSection(ProjectDependencies) = postProject
		{3CBDB199-BF2E-4DAF-B182-DE38B19ADADD} = {3CBDB199-BF2E-4DAF-B182-DE38B19ADADD}
	EndProjectSection
EndProject
Project("{2150E333-8FDC-42A3-9474-1A3956D46DE8}") = "Model", "Model", "{551CB1B4-E458-451B-914E-94CABB5F91DB}"
EndProject
Project("{FAE04EC0-301F-11D3-BF4B-00C04F79EFBC}") = "JsPlc.Ssc.Link.Models", "JsPlc.Ssc.Link.Models\JsPlc.Ssc.Link.Models.csproj", "{589E97D6-1D3D-4214-9871-005E7B01E4B5}"
EndProject
Project("{2150E333-8FDC-42A3-9474-1A3956D46DE8}") = "Interfaces", "Interfaces", "{E192C1F1-50DC-4172-92C9-17A353E219FF}"
EndProject
Project("{FAE04EC0-301F-11D3-BF4B-00C04F79EFBC}") = "JsPlc.Ssc.Link.Interfaces", "JsPlc.Ssc.Link.Interfaces\JsPlc.Ssc.Link.Interfaces.csproj", "{5E71294B-3F45-48F1-A37F-737FB5F22F38}"
EndProject
Project("{FAE04EC0-301F-11D3-BF4B-00C04F79EFBC}") = "JsPlc.Ssc.Link.StubService", "JsPlc.Ssc.Link.StubService\JsPlc.Ssc.Link.StubService.csproj", "{3CBDB199-BF2E-4DAF-B182-DE38B19ADADD}"
EndProject
Project("{2150E333-8FDC-42A3-9474-1A3956D46DE8}") = "StubService", "StubService", "{724B9D1B-883E-410C-BE39-801F29874C39}"
EndProject
Project("{2150E333-8FDC-42A3-9474-1A3956D46DE8}") = "Test", "Test", "{7CDEA3D2-A5AD-4284-BD94-9511621E566E}"
EndProject
Project("{FAE04EC0-301F-11D3-BF4B-00C04F79EFBC}") = "JsPlc.Ssc.Link.Service.Tests", "JsPlc.Ssc.Link.Service.Tests\JsPlc.Ssc.Link.Service.Tests.csproj", "{144C63B1-D8AE-41D2-8922-E6AA9C609DE7}"
EndProject
Project("{FAE04EC0-301F-11D3-BF4B-00C04F79EFBC}") = "JsPlc.Ssc.Link.Portal.Tests", "JsPlc.Ssc.Link.Portal.Tests\JsPlc.Ssc.Link.Portal.Tests.csproj", "{5812E2AD-BFAC-44A6-A3D4-C5082A248C70}"
EndProject
Project("{2150E333-8FDC-42A3-9474-1A3956D46DE8}") = "_SolutionItems", "_SolutionItems", "{09DFC785-A8C8-444D-9467-0C02CE60F123}"
	ProjectSection(SolutionItems) = preProject
		settings1.runsettings = settings1.runsettings
	EndProjectSection
EndProject
Project("{2150E333-8FDC-42A3-9474-1A3956D46DE8}") = "ImportRoutine", "ImportRoutine", "{61EACC95-90EB-48DC-A131-85EA0FD0DAAE}"
EndProject
Project("{FAE04EC0-301F-11D3-BF4B-00C04F79EFBC}") = "JsPlc.Ssc.Link.ImportRoutine", "JsPlc.Ssc.Link.ImportRoutine\JsPlc.Ssc.Link.ImportRoutine.csproj", "{44CA1FA3-91B4-405E-BC7C-9FF7AEE7F60A}"
EndProject
Project("{FAE04EC0-301F-11D3-BF4B-00C04F79EFBC}") = "JsPlc.Ssc.Link.Import.Tests", "JsPlc.Ssc.Link.Import.Tests\JsPlc.Ssc.Link.Import.Tests.csproj", "{52A6FD20-58C0-4828-9024-3C4A4E31D727}"
EndProject
Project("{FAE04EC0-301F-11D3-BF4B-00C04F79EFBC}") = "JS.Plc.Ssc.Link.Portal.SpecFlowDemo.Specs", "JS.Plc.Ssc.Link.Portal.SpecFlowDemo.Specs\JS.Plc.Ssc.Link.Portal.SpecFlowDemo.Specs.csproj", "{C0F8E538-657F-4365-9CE1-12FEFFC9E369}"
EndProject
Project("{FAE04EC0-301F-11D3-BF4B-00C04F79EFBC}") = "Js.Plc.Ssc.Link.Portal.BDD.Tests", "Js.Plc.Ssc.Link.Portal.BDD.Tests\Js.Plc.Ssc.Link.Portal.BDD.Tests.csproj", "{EDABF2A5-6B75-4C69-85A5-550D48BEF741}"
EndProject
Global
	GlobalSection(SolutionConfigurationPlatforms) = preSolution
		Debug|Any CPU = Debug|Any CPU
		Release|Any CPU = Release|Any CPU
	EndGlobalSection
	GlobalSection(ProjectConfigurationPlatforms) = postSolution
		{A5A6F815-7A8D-463F-9F01-E2610E533A4B}.Debug|Any CPU.ActiveCfg = Debug|Any CPU
		{A5A6F815-7A8D-463F-9F01-E2610E533A4B}.Debug|Any CPU.Build.0 = Debug|Any CPU
		{A5A6F815-7A8D-463F-9F01-E2610E533A4B}.Release|Any CPU.ActiveCfg = Release|Any CPU
		{A5A6F815-7A8D-463F-9F01-E2610E533A4B}.Release|Any CPU.Build.0 = Release|Any CPU
		{B995B495-D846-4EB5-80FB-B55B71028B94}.Debug|Any CPU.ActiveCfg = Debug|Any CPU
		{B995B495-D846-4EB5-80FB-B55B71028B94}.Debug|Any CPU.Build.0 = Debug|Any CPU
		{B995B495-D846-4EB5-80FB-B55B71028B94}.Release|Any CPU.ActiveCfg = Release|Any CPU
		{B995B495-D846-4EB5-80FB-B55B71028B94}.Release|Any CPU.Build.0 = Release|Any CPU
		{B3FC18AA-C34C-4F58-B8AB-36907A6C1C73}.Debug|Any CPU.ActiveCfg = Debug|Any CPU
		{B3FC18AA-C34C-4F58-B8AB-36907A6C1C73}.Debug|Any CPU.Build.0 = Debug|Any CPU
		{B3FC18AA-C34C-4F58-B8AB-36907A6C1C73}.Release|Any CPU.ActiveCfg = Release|Any CPU
		{B3FC18AA-C34C-4F58-B8AB-36907A6C1C73}.Release|Any CPU.Build.0 = Release|Any CPU
		{589E97D6-1D3D-4214-9871-005E7B01E4B5}.Debug|Any CPU.ActiveCfg = Debug|Any CPU
		{589E97D6-1D3D-4214-9871-005E7B01E4B5}.Debug|Any CPU.Build.0 = Debug|Any CPU
		{589E97D6-1D3D-4214-9871-005E7B01E4B5}.Release|Any CPU.ActiveCfg = Release|Any CPU
		{589E97D6-1D3D-4214-9871-005E7B01E4B5}.Release|Any CPU.Build.0 = Release|Any CPU
		{5E71294B-3F45-48F1-A37F-737FB5F22F38}.Debug|Any CPU.ActiveCfg = Debug|Any CPU
		{5E71294B-3F45-48F1-A37F-737FB5F22F38}.Debug|Any CPU.Build.0 = Debug|Any CPU
		{5E71294B-3F45-48F1-A37F-737FB5F22F38}.Release|Any CPU.ActiveCfg = Release|Any CPU
		{5E71294B-3F45-48F1-A37F-737FB5F22F38}.Release|Any CPU.Build.0 = Release|Any CPU
		{3CBDB199-BF2E-4DAF-B182-DE38B19ADADD}.Debug|Any CPU.ActiveCfg = Debug|Any CPU
		{3CBDB199-BF2E-4DAF-B182-DE38B19ADADD}.Debug|Any CPU.Build.0 = Debug|Any CPU
		{3CBDB199-BF2E-4DAF-B182-DE38B19ADADD}.Release|Any CPU.ActiveCfg = Release|Any CPU
		{3CBDB199-BF2E-4DAF-B182-DE38B19ADADD}.Release|Any CPU.Build.0 = Release|Any CPU
		{144C63B1-D8AE-41D2-8922-E6AA9C609DE7}.Debug|Any CPU.ActiveCfg = Debug|Any CPU
		{144C63B1-D8AE-41D2-8922-E6AA9C609DE7}.Debug|Any CPU.Build.0 = Debug|Any CPU
		{144C63B1-D8AE-41D2-8922-E6AA9C609DE7}.Release|Any CPU.ActiveCfg = Release|Any CPU
		{144C63B1-D8AE-41D2-8922-E6AA9C609DE7}.Release|Any CPU.Build.0 = Release|Any CPU
		{5812E2AD-BFAC-44A6-A3D4-C5082A248C70}.Debug|Any CPU.ActiveCfg = Debug|Any CPU
		{5812E2AD-BFAC-44A6-A3D4-C5082A248C70}.Debug|Any CPU.Build.0 = Debug|Any CPU
		{5812E2AD-BFAC-44A6-A3D4-C5082A248C70}.Release|Any CPU.ActiveCfg = Release|Any CPU
		{5812E2AD-BFAC-44A6-A3D4-C5082A248C70}.Release|Any CPU.Build.0 = Release|Any CPU
		{44CA1FA3-91B4-405E-BC7C-9FF7AEE7F60A}.Debug|Any CPU.ActiveCfg = Debug|Any CPU
		{44CA1FA3-91B4-405E-BC7C-9FF7AEE7F60A}.Debug|Any CPU.Build.0 = Debug|Any CPU
		{44CA1FA3-91B4-405E-BC7C-9FF7AEE7F60A}.Release|Any CPU.ActiveCfg = Release|Any CPU
		{44CA1FA3-91B4-405E-BC7C-9FF7AEE7F60A}.Release|Any CPU.Build.0 = Release|Any CPU
		{52A6FD20-58C0-4828-9024-3C4A4E31D727}.Debug|Any CPU.ActiveCfg = Debug|Any CPU
		{52A6FD20-58C0-4828-9024-3C4A4E31D727}.Debug|Any CPU.Build.0 = Debug|Any CPU
		{52A6FD20-58C0-4828-9024-3C4A4E31D727}.Release|Any CPU.ActiveCfg = Release|Any CPU
		{52A6FD20-58C0-4828-9024-3C4A4E31D727}.Release|Any CPU.Build.0 = Release|Any CPU
		{C0F8E538-657F-4365-9CE1-12FEFFC9E369}.Debug|Any CPU.ActiveCfg = Debug|Any CPU
		{C0F8E538-657F-4365-9CE1-12FEFFC9E369}.Debug|Any CPU.Build.0 = Debug|Any CPU
		{C0F8E538-657F-4365-9CE1-12FEFFC9E369}.Release|Any CPU.ActiveCfg = Release|Any CPU
		{C0F8E538-657F-4365-9CE1-12FEFFC9E369}.Release|Any CPU.Build.0 = Release|Any CPU
		{EDABF2A5-6B75-4C69-85A5-550D48BEF741}.Debug|Any CPU.ActiveCfg = Debug|Any CPU
		{EDABF2A5-6B75-4C69-85A5-550D48BEF741}.Debug|Any CPU.Build.0 = Debug|Any CPU
		{EDABF2A5-6B75-4C69-85A5-550D48BEF741}.Release|Any CPU.ActiveCfg = Release|Any CPU
		{EDABF2A5-6B75-4C69-85A5-550D48BEF741}.Release|Any CPU.Build.0 = Release|Any CPU
	EndGlobalSection
	GlobalSection(SolutionProperties) = preSolution
		HideSolutionNode = FALSE
	EndGlobalSection
	GlobalSection(NestedProjects) = preSolution
		{A5A6F815-7A8D-463F-9F01-E2610E533A4B} = {BE94DAAE-F62A-471A-A2E9-4548E716D8DD}
		{B995B495-D846-4EB5-80FB-B55B71028B94} = {9FEB778D-8E8F-4B83-9D00-6E9D2CF25AEF}
		{B3FC18AA-C34C-4F58-B8AB-36907A6C1C73} = {AF9C31F9-6DCE-4FE3-B3EF-9DA495FAF663}
		{589E97D6-1D3D-4214-9871-005E7B01E4B5} = {551CB1B4-E458-451B-914E-94CABB5F91DB}
		{5E71294B-3F45-48F1-A37F-737FB5F22F38} = {E192C1F1-50DC-4172-92C9-17A353E219FF}
		{3CBDB199-BF2E-4DAF-B182-DE38B19ADADD} = {724B9D1B-883E-410C-BE39-801F29874C39}
		{144C63B1-D8AE-41D2-8922-E6AA9C609DE7} = {7CDEA3D2-A5AD-4284-BD94-9511621E566E}
		{5812E2AD-BFAC-44A6-A3D4-C5082A248C70} = {7CDEA3D2-A5AD-4284-BD94-9511621E566E}
		{44CA1FA3-91B4-405E-BC7C-9FF7AEE7F60A} = {61EACC95-90EB-48DC-A131-85EA0FD0DAAE}
		{52A6FD20-58C0-4828-9024-3C4A4E31D727} = {7CDEA3D2-A5AD-4284-BD94-9511621E566E}
		{C0F8E538-657F-4365-9CE1-12FEFFC9E369} = {7CDEA3D2-A5AD-4284-BD94-9511621E566E}
		{EDABF2A5-6B75-4C69-85A5-550D48BEF741} = {7CDEA3D2-A5AD-4284-BD94-9511621E566E}
	EndGlobalSection
	GlobalSection(ExtensibilityGlobals) = postSolution
		EnterpriseLibraryConfigurationToolBinariesPathV6 = packages\EnterpriseLibrary.TransientFaultHandling.6.0.1304.0\lib\portable-net45+win+wp8;packages\EnterpriseLibrary.TransientFaultHandling.Data.6.0.1304.1\lib\NET45
	EndGlobalSection
EndGlobal
