
Microsoft Visual Studio Solution File, Format Version 12.00
# Visual Studio 2013
VisualStudioVersion = 12.0.40629.0
MinimumVisualStudioVersion = 10.0.40219.1
Project("{FAE04EC0-301F-11D3-BF4B-00C04F79EFBC}") = "JsPlc.Ssc.Link.ImportRoutine", "JsPlc.Ssc.Link.ImportRoutine\JsPlc.Ssc.Link.ImportRoutine.csproj", "{44CA1FA3-91B4-405E-BC7C-9FF7AEE7F60A}"
EndProject
Project("{FAE04EC0-301F-11D3-BF4B-00C04F79EFBC}") = "JsPlc.Ssc.Link.ImportRoutine.Service", "JsPlc.Ssc.Link.ImportRoutine.Service\JsPlc.Ssc.Link.ImportRoutine.Service.csproj", "{2C8A6122-E92D-4135-A633-6D0219B8BCE1}"
EndProject
Project("{FAE04EC0-301F-11D3-BF4B-00C04F79EFBC}") = "JsPlc.Ssc.Link.Import.Tests", "JsPlc.Ssc.Link.Import.Tests\JsPlc.Ssc.Link.Import.Tests.csproj", "{52A6FD20-58C0-4828-9024-3C4A4E31D727}"
EndProject
Project("{FAE04EC0-301F-11D3-BF4B-00C04F79EFBC}") = "JsPlc.Ssc.Link.Core", "JsPlc.Ssc.Link.Core\JsPlc.Ssc.Link.Core.csproj", "{5A1CD72B-9A5F-41EE-9B0E-B36663B723E3}"
EndProject
Project("{FAE04EC0-301F-11D3-BF4B-00C04F79EFBC}") = "JsPlc.Ssc.Link.IoC", "JsPlc.Ssc.Link.IoC\JsPlc.Ssc.Link.IoC.csproj", "{A927FB04-A7BC-4B67-91FB-AFE7E4FFE7D5}"
EndProject
Global
	GlobalSection(SolutionConfigurationPlatforms) = preSolution
		Debug|Any CPU = Debug|Any CPU
		Release|Any CPU = Release|Any CPU
	EndGlobalSection
	GlobalSection(ProjectConfigurationPlatforms) = postSolution
		{44CA1FA3-91B4-405E-BC7C-9FF7AEE7F60A}.Debug|Any CPU.ActiveCfg = Debug|Any CPU
		{44CA1FA3-91B4-405E-BC7C-9FF7AEE7F60A}.Debug|Any CPU.Build.0 = Debug|Any CPU
		{44CA1FA3-91B4-405E-BC7C-9FF7AEE7F60A}.Release|Any CPU.ActiveCfg = Release|Any CPU
		{44CA1FA3-91B4-405E-BC7C-9FF7AEE7F60A}.Release|Any CPU.Build.0 = Release|Any CPU
		{2C8A6122-E92D-4135-A633-6D0219B8BCE1}.Debug|Any CPU.ActiveCfg = Debug|Any CPU
		{2C8A6122-E92D-4135-A633-6D0219B8BCE1}.Debug|Any CPU.Build.0 = Debug|Any CPU
		{2C8A6122-E92D-4135-A633-6D0219B8BCE1}.Release|Any CPU.ActiveCfg = Release|Any CPU
		{2C8A6122-E92D-4135-A633-6D0219B8BCE1}.Release|Any CPU.Build.0 = Release|Any CPU
		{52A6FD20-58C0-4828-9024-3C4A4E31D727}.Debug|Any CPU.ActiveCfg = Debug|Any CPU
		{52A6FD20-58C0-4828-9024-3C4A4E31D727}.Debug|Any CPU.Build.0 = Debug|Any CPU
		{52A6FD20-58C0-4828-9024-3C4A4E31D727}.Release|Any CPU.ActiveCfg = Release|Any CPU
		{52A6FD20-58C0-4828-9024-3C4A4E31D727}.Release|Any CPU.Build.0 = Release|Any CPU
		{5A1CD72B-9A5F-41EE-9B0E-B36663B723E3}.Debug|Any CPU.ActiveCfg = Debug|Any CPU
		{5A1CD72B-9A5F-41EE-9B0E-B36663B723E3}.Debug|Any CPU.Build.0 = Debug|Any CPU
		{5A1CD72B-9A5F-41EE-9B0E-B36663B723E3}.Release|Any CPU.ActiveCfg = Release|Any CPU
		{5A1CD72B-9A5F-41EE-9B0E-B36663B723E3}.Release|Any CPU.Build.0 = Release|Any CPU
		{A927FB04-A7BC-4B67-91FB-AFE7E4FFE7D5}.Debug|Any CPU.ActiveCfg = Debug|Any CPU
		{A927FB04-A7BC-4B67-91FB-AFE7E4FFE7D5}.Debug|Any CPU.Build.0 = Debug|Any CPU
		{A927FB04-A7BC-4B67-91FB-AFE7E4FFE7D5}.Release|Any CPU.ActiveCfg = Release|Any CPU
		{A927FB04-A7BC-4B67-91FB-AFE7E4FFE7D5}.Release|Any CPU.Build.0 = Release|Any CPU
	EndGlobalSection
	GlobalSection(SolutionProperties) = preSolution
		HideSolutionNode = FALSE
	EndGlobalSection
EndGlobal
