
Microsoft Visual Studio Solution File, Format Version 12.00
# Visual Studio 2013
VisualStudioVersion = 12.0.31101.0
MinimumVisualStudioVersion = 10.0.40219.1
Project("{FAE04EC0-301F-11D3-BF4B-00C04F79EFBC}") = "JsPlc.Ssc.Link.Repository", "JsPlc.Ssc.Link.Repository\JsPlc.Ssc.Link.Repository.csproj", "{B995B495-D846-4EB5-80FB-B55B71028B94}"
EndProject
Project("{FAE04EC0-301F-11D3-BF4B-00C04F79EFBC}") = "JsPlc.Ssc.Link.Service", "JsPlc.Ssc.Link.Service\JsPlc.Ssc.Link.Service.csproj", "{90A5415E-8A42-4AAA-875B-33EEB0FC69B9}"
EndProject
Project("{FAE04EC0-301F-11D3-BF4B-00C04F79EFBC}") = "JsPlc.Ssc.Link.Models", "JsPlc.Ssc.Link.Models\JsPlc.Ssc.Link.Models.csproj", "{589E97D6-1D3D-4214-9871-005E7B01E4B5}"
EndProject
Global
	GlobalSection(SolutionConfigurationPlatforms) = preSolution
		Debug|Any CPU = Debug|Any CPU
		Release|Any CPU = Release|Any CPU
	EndGlobalSection
	GlobalSection(ProjectConfigurationPlatforms) = postSolution
		{B995B495-D846-4EB5-80FB-B55B71028B94}.Debug|Any CPU.ActiveCfg = Debug|Any CPU
		{B995B495-D846-4EB5-80FB-B55B71028B94}.Debug|Any CPU.Build.0 = Debug|Any CPU
		{B995B495-D846-4EB5-80FB-B55B71028B94}.Release|Any CPU.ActiveCfg = Release|Any CPU
		{B995B495-D846-4EB5-80FB-B55B71028B94}.Release|Any CPU.Build.0 = Release|Any CPU
		{90A5415E-8A42-4AAA-875B-33EEB0FC69B9}.Debug|Any CPU.ActiveCfg = Debug|Any CPU
		{90A5415E-8A42-4AAA-875B-33EEB0FC69B9}.Debug|Any CPU.Build.0 = Debug|Any CPU
		{90A5415E-8A42-4AAA-875B-33EEB0FC69B9}.Release|Any CPU.ActiveCfg = Release|Any CPU
		{90A5415E-8A42-4AAA-875B-33EEB0FC69B9}.Release|Any CPU.Build.0 = Release|Any CPU
		{589E97D6-1D3D-4214-9871-005E7B01E4B5}.Debug|Any CPU.ActiveCfg = Debug|Any CPU
		{589E97D6-1D3D-4214-9871-005E7B01E4B5}.Debug|Any CPU.Build.0 = Debug|Any CPU
		{589E97D6-1D3D-4214-9871-005E7B01E4B5}.Release|Any CPU.ActiveCfg = Release|Any CPU
		{589E97D6-1D3D-4214-9871-005E7B01E4B5}.Release|Any CPU.Build.0 = Release|Any CPU
	EndGlobalSection
	GlobalSection(SolutionProperties) = preSolution
		HideSolutionNode = FALSE
	EndGlobalSection
EndGlobal
