
Microsoft Visual Studio Solution File, Format Version 12.00
# Visual Studio 2013
VisualStudioVersion = 12.0.40629.0
MinimumVisualStudioVersion = 10.0.40219.1
Project("{FAE04EC0-301F-11D3-BF4B-00C04F79EFBC}") = "JsPlc.Ssc.Link.Repository", "JsPlc.Ssc.Link.Repository\JsPlc.Ssc.Link.Repository.csproj", "{B995B495-D846-4EB5-80FB-B55B71028B94}"
EndProject
Project("{FAE04EC0-301F-11D3-BF4B-00C04F79EFBC}") = "JsPlc.Ssc.Link.Models", "JsPlc.Ssc.Link.Models\JsPlc.Ssc.Link.Models.csproj", "{589E97D6-1D3D-4214-9871-005E7B01E4B5}"
EndProject
Project("{FAE04EC0-301F-11D3-BF4B-00C04F79EFBC}") = "JsPlc.Ssc.Link.Service", "JsPlc.Ssc.Link.Service\JsPlc.Ssc.Link.Service.csproj", "{B3FC18AA-C34C-4F58-B8AB-36907A6C1C73}"
EndProject
Project("{FAE04EC0-301F-11D3-BF4B-00C04F79EFBC}") = "JsPlc.Ssc.Link.Service.Tests", "JsPlc.Ssc.Link.Service.Tests\JsPlc.Ssc.Link.Service.Tests.csproj", "{144C63B1-D8AE-41D2-8922-E6AA9C609DE7}"
EndProject
Project("{FAE04EC0-301F-11D3-BF4B-00C04F79EFBC}") = "JsPlc.Ssc.Link.Interfaces", "JsPlc.Ssc.Link.Interfaces\JsPlc.Ssc.Link.Interfaces.csproj", "{5E71294B-3F45-48F1-A37F-737FB5F22F38}"
EndProject
Project("{2150E333-8FDC-42A3-9474-1A3956D46DE8}") = "Infrastructure", "Infrastructure", "{ED69D773-C580-4AAD-A153-5D9BBA5023AB}"
EndProject
Project("{FAE04EC0-301F-11D3-BF4B-00C04F79EFBC}") = "JsPlc.Ssc.Link.Core", "JsPlc.Ssc.Link.Core\JsPlc.Ssc.Link.Core.csproj", "{5A1CD72B-9A5F-41EE-9B0E-B36663B723E3}"
EndProject
Project("{FAE04EC0-301F-11D3-BF4B-00C04F79EFBC}") = "JsPlc.Ssc.Link.IoC", "JsPlc.Ssc.Link.IoC\JsPlc.Ssc.Link.IoC.csproj", "{A927FB04-A7BC-4B67-91FB-AFE7E4FFE7D5}"
EndProject
Global
	GlobalSection(SolutionConfigurationPlatforms) = preSolution
		Debug|Any CPU = Debug|Any CPU
		Release|Any CPU = Release|Any CPU
	EndGlobalSection
	GlobalSection(ProjectConfigurationPlatforms) = postSolution
		{B995B495-D846-4EB5-80FB-B55B71028B94}.Debug|Any CPU.ActiveCfg = Debug|Any CPU
		{B995B495-D846-4EB5-80FB-B55B71028B94}.Debug|Any CPU.Build.0 = Debug|Any CPU
		{B995B495-D846-4EB5-80FB-B55B71028B94}.Release|Any CPU.ActiveCfg = Release|Any CPU
		{B995B495-D846-4EB5-80FB-B55B71028B94}.Release|Any CPU.Build.0 = Release|Any CPU
		{589E97D6-1D3D-4214-9871-005E7B01E4B5}.Debug|Any CPU.ActiveCfg = Debug|Any CPU
		{589E97D6-1D3D-4214-9871-005E7B01E4B5}.Debug|Any CPU.Build.0 = Debug|Any CPU
		{589E97D6-1D3D-4214-9871-005E7B01E4B5}.Release|Any CPU.ActiveCfg = Release|Any CPU
		{589E97D6-1D3D-4214-9871-005E7B01E4B5}.Release|Any CPU.Build.0 = Release|Any CPU
		{B3FC18AA-C34C-4F58-B8AB-36907A6C1C73}.Debug|Any CPU.ActiveCfg = Debug|Any CPU
		{B3FC18AA-C34C-4F58-B8AB-36907A6C1C73}.Debug|Any CPU.Build.0 = Debug|Any CPU
		{B3FC18AA-C34C-4F58-B8AB-36907A6C1C73}.Release|Any CPU.ActiveCfg = Release|Any CPU
		{B3FC18AA-C34C-4F58-B8AB-36907A6C1C73}.Release|Any CPU.Build.0 = Release|Any CPU
		{144C63B1-D8AE-41D2-8922-E6AA9C609DE7}.Debug|Any CPU.ActiveCfg = Debug|Any CPU
		{144C63B1-D8AE-41D2-8922-E6AA9C609DE7}.Debug|Any CPU.Build.0 = Debug|Any CPU
		{144C63B1-D8AE-41D2-8922-E6AA9C609DE7}.Release|Any CPU.ActiveCfg = Release|Any CPU
		{144C63B1-D8AE-41D2-8922-E6AA9C609DE7}.Release|Any CPU.Build.0 = Release|Any CPU
		{5E71294B-3F45-48F1-A37F-737FB5F22F38}.Debug|Any CPU.ActiveCfg = Debug|Any CPU
		{5E71294B-3F45-48F1-A37F-737FB5F22F38}.Debug|Any CPU.Build.0 = Debug|Any CPU
		{5E71294B-3F45-48F1-A37F-737FB5F22F38}.Release|Any CPU.ActiveCfg = Release|Any CPU
		{5E71294B-3F45-48F1-A37F-737FB5F22F38}.Release|Any CPU.Build.0 = Release|Any CPU
		{5A1CD72B-9A5F-41EE-9B0E-B36663B723E3}.Debug|Any CPU.ActiveCfg = Debug|Any CPU
		{5A1CD72B-9A5F-41EE-9B0E-B36663B723E3}.Debug|Any CPU.Build.0 = Debug|Any CPU
		{5A1CD72B-9A5F-41EE-9B0E-B36663B723E3}.Release|Any CPU.ActiveCfg = Release|Any CPU
		{5A1CD72B-9A5F-41EE-9B0E-B36663B723E3}.Release|Any CPU.Build.0 = Release|Any CPU
		{A927FB04-A7BC-4B67-91FB-AFE7E4FFE7D5}.Debug|Any CPU.ActiveCfg = Debug|Any CPU
		{A927FB04-A7BC-4B67-91FB-AFE7E4FFE7D5}.Debug|Any CPU.Build.0 = Debug|Any CPU
		{A927FB04-A7BC-4B67-91FB-AFE7E4FFE7D5}.Release|Any CPU.ActiveCfg = Release|Any CPU
		{A927FB04-A7BC-4B67-91FB-AFE7E4FFE7D5}.Release|Any CPU.Build.0 = Release|Any CPU
	EndGlobalSection
	GlobalSection(SolutionProperties) = preSolution
		HideSolutionNode = FALSE
	EndGlobalSection
	GlobalSection(NestedProjects) = preSolution
		{5A1CD72B-9A5F-41EE-9B0E-B36663B723E3} = {ED69D773-C580-4AAD-A153-5D9BBA5023AB}
		{A927FB04-A7BC-4B67-91FB-AFE7E4FFE7D5} = {ED69D773-C580-4AAD-A153-5D9BBA5023AB}
	EndGlobalSection
EndGlobal
